{
  "name": "ech-0296",
  "version": "0.2.0",
  "lockfileVersion": 3,
  "requires": true,
  "packages": {
    "": {
      "name": "ech-0296",
      "version": "0.2.0",
      "license": "CC-BY-4.0",
      "dependencies": {
        "@inrupt/solid-client-authn-browser": "^5.0.0",
        "@recogito/pdf-annotator": "^4.2.5",
        "@recogito/text-annotator": "^4.2.5",
        "@recogito/text-annotator-tei": "^4.2.5",
        "CETEIcean": "^1.9.5",
        "pdfjs-dist": "^6.1.200"
      },
      "engines": {
        "node": ">=22"
      }
    },
    "node_modules/@annotorious/core": {
      "version": "3.8.8",
      "resolved": "https://registry.npmjs.org/@annotorious/core/-/core-3.8.8.tgz",
      "integrity": "sha512-ioujpzaUGjKIlD6llttrfni30GrYgVqq+vVJH7t+Lun6XWzzM2dJTJQM3nI9wY/ZCwd7G2aRAwgP0YXKN1tc9A==",
      "license": "BSD-3-Clause",
      "dependencies": {
        "dequal": "^2.0.3",
        "nanoevents": "^9.1.0",
        "nanoid": "^5.1.16",
        "nanostores": "^1.4.0",
        "uuid": "^14.0.1"
      }
    },
    "node_modules/@inrupt/oidc-client-ext": {
      "version": "5.0.0",
      "resolved": "https://registry.npmjs.org/@inrupt/oidc-client-ext/-/oidc-client-ext-5.0.0.tgz",
      "integrity": "sha512-NUfBd9UH40JpSiwTTeK+B4ige5zDYbIMGM5nvOZU4Axhn7Vn66AzJqNV6xJjRqG0G+zeHsAduyiyPydmA5+Ciw==",
      "license": "MIT",
      "dependencies": {
        "@inrupt/solid-client-authn-core": "^5.0.0",
        "jose": "^6.2.3",
        "oidc-client-ts": "^3.5.0",
        "uuid": "^14.0.0"
      }
    },
    "node_modules/@inrupt/solid-client-authn-browser": {
      "version": "5.0.0",
      "resolved": "https://registry.npmjs.org/@inrupt/solid-client-authn-browser/-/solid-client-authn-browser-5.0.0.tgz",
      "integrity": "sha512-qdy8EfzwMsbvH7Wy1Ixx6rb27CTtTQyYJWzHVPDzg4Ln/aQo0zkjSTlnU7tT9VQZrMcarethZfTx5Z5ONwT77g==",
      "license": "MIT",
      "dependencies": {
        "@inrupt/oidc-client-ext": "^5.0.0",
        "@inrupt/solid-client-authn-core": "^5.0.0",
        "events": "^3.3.0",
        "jose": "^6.2.3",
        "uuid": "^14.0.0"
      }
    },
    "node_modules/@inrupt/solid-client-authn-core": {
      "version": "5.0.0",
      "resolved": "https://registry.npmjs.org/@inrupt/solid-client-authn-core/-/solid-client-authn-core-5.0.0.tgz",
      "integrity": "sha512-KYZCv8IO0ytDy3ApyVhiIsmWJY7Z+AXqmU3F+LtV3DBXxwZ9vF9YK8hOzf0ltPmVtqcf4RrnW5fIEtKmHmjuFQ==",
      "license": "MIT",
      "dependencies": {
        "events": "^3.3.0",
        "jose": "^6.2.3",
        "uuid": "^14.0.0"
      },
      "engines": {
        "node": "^22.0.0 || ^24.0.0"
      }
    },
    "node_modules/@napi-rs/canvas": {
      "version": "1.0.2",
      "resolved": "https://registry.npmjs.org/@napi-rs/canvas/-/canvas-1.0.2.tgz",
      "integrity": "sha512-EYEqlMYaCbpZDz+IgDH5xp9MTd3ui4dmGqbQYryhMLnSRxrhHKq5KQWHHKxFUcEP4Hp8/BWgvqXocX4j7iSbOQ==",
      "license": "MIT",
      "optional": true,
      "workspaces": [
        "e2e/*"
      ],
      "engines": {
        "node": ">= 10"
      },
      "funding": {
        "type": "github",
        "url": "https://github.com/sponsors/Brooooooklyn"
      },
      "optionalDependencies": {
        "@napi-rs/canvas-android-arm64": "1.0.2",
        "@napi-rs/canvas-darwin-arm64": "1.0.2",
        "@napi-rs/canvas-darwin-x64": "1.0.2",
        "@napi-rs/canvas-linux-arm-gnueabihf": "1.0.2",
        "@napi-rs/canvas-linux-arm64-gnu": "1.0.2",
        "@napi-rs/canvas-linux-arm64-musl": "1.0.2",
        "@napi-rs/canvas-linux-riscv64-gnu": "1.0.2",
        "@napi-rs/canvas-linux-x64-gnu": "1.0.2",
        "@napi-rs/canvas-linux-x64-musl": "1.0.2",
        "@napi-rs/canvas-win32-arm64-msvc": "1.0.2",
        "@napi-rs/canvas-win32-x64-msvc": "1.0.2"
      }
    },
    "node_modules/@napi-rs/canvas-android-arm64": {
      "version": "1.0.2",
      "resolved": "https://registry.npmjs.org/@napi-rs/canvas-android-arm64/-/canvas-android-arm64-1.0.2.tgz",
      "integrity": "sha512-IMXKVQod0ol4vt3gmClUfXz4JAgHYESGPCUqmH3lQxBoL0K/2greJaQE1HVBVxWWFKfLc4OLZVdxg7kXVyXv+g==",
      "cpu": [
        "arm64"
      ],
      "license": "MIT",
      "optional": true,
      "os": [
        "android"
      ],
      "engines": {
        "node": ">= 10"
      },
      "funding": {
        "type": "github",
        "url": "https://github.com/sponsors/Brooooooklyn"
      }
    },
    "node_modules/@napi-rs/canvas-darwin-arm64": {
      "version": "1.0.2",
      "resolved": "https://registry.npmjs.org/@napi-rs/canvas-darwin-arm64/-/canvas-darwin-arm64-1.0.2.tgz",
      "integrity": "sha512-Sc8tPi6cF+5lqOzCCKFALJHhDiRwyMzTPYm3bbhdXsOunU0lQO5f05ucyOzN2r55I23Hg5bsjH63uSCvWp3EgQ==",
      "cpu": [
        "arm64"
      ],
      "license": "MIT",
      "optional": true,
      "os": [
        "darwin"
      ],
      "engines": {
        "node": ">= 10"
      },
      "funding": {
        "type": "github",
        "url": "https://github.com/sponsors/Brooooooklyn"
      }
    },
    "node_modules/@napi-rs/canvas-darwin-x64": {
      "version": "1.0.2",
      "resolved": "https://registry.npmjs.org/@napi-rs/canvas-darwin-x64/-/canvas-darwin-x64-1.0.2.tgz",
      "integrity": "sha512-niDXZ9LhKB1zLrUdYB64RHQFDGz9rr0eGx061qtJJU3U20EMMIx28ADF5fVYbhtOgkWQrBjFicfaye1yM0U62A==",
      "cpu": [
        "x64"
      ],
      "license": "MIT",
      "optional": true,
      "os": [
        "darwin"
      ],
      "engines": {
        "node": ">= 10"
      },
      "funding": {
        "type": "github",
        "url": "https://github.com/sponsors/Brooooooklyn"
      }
    },
    "node_modules/@napi-rs/canvas-linux-arm-gnueabihf": {
      "version": "1.0.2",
      "resolved": "https://registry.npmjs.org/@napi-rs/canvas-linux-arm-gnueabihf/-/canvas-linux-arm-gnueabihf-1.0.2.tgz",
      "integrity": "sha512-sgatQL9JxGRH/Amzcvu0P3t8Am3duou74CisfuJ41Dwt8cWy723z/9KZ8LlgmxfypEwEZxSTNFJtU8d281lmhQ==",
      "cpu": [
        "arm"
      ],
      "license": "MIT",
      "optional": true,
      "os": [
        "linux"
      ],
      "engines": {
        "node": ">= 10"
      },
      "funding": {
        "type": "github",
        "url": "https://github.com/sponsors/Brooooooklyn"
      }
    },
    "node_modules/@napi-rs/canvas-linux-arm64-gnu": {
      "version": "1.0.2",
      "resolved": "https://registry.npmjs.org/@napi-rs/canvas-linux-arm64-gnu/-/canvas-linux-arm64-gnu-1.0.2.tgz",
      "integrity": "sha512-dgKuX0peF3xwY6ZF5QxGS4wbfDqpoFAJYXiLSp+guZKARQUKMkRqZSDrXKj7nfrec3UCMzC0PFCPte0ES98AiA==",
      "cpu": [
        "arm64"
      ],
      "license": "MIT",
      "optional": true,
      "os": [
        "linux"
      ],
      "engines": {
        "node": ">= 10"
      },
      "funding": {
        "type": "github",
        "url": "https://github.com/sponsors/Brooooooklyn"
      }
    },
    "node_modules/@napi-rs/canvas-linux-arm64-musl": {
      "version": "1.0.2",
      "resolved": "https://registry.npmjs.org/@napi-rs/canvas-linux-arm64-musl/-/canvas-linux-arm64-musl-1.0.2.tgz",
      "integrity": "sha512-qwROoDIC9upfvDoRLuPn2aNg9CGW1x0Ygr4k2Or+8paA9d0qBLwk87U+g8KQpoOviKoPoiwl97kvBYuYD7qZoA==",
      "cpu": [
        "arm64"
      ],
      "license": "MIT",
      "optional": true,
      "os": [
        "linux"
      ],
      "engines": {
        "node": ">= 10"
      },
      "funding": {
        "type": "github",
        "url": "https://github.com/sponsors/Brooooooklyn"
      }
    },
    "node_modules/@napi-rs/canvas-linux-riscv64-gnu": {
      "version": "1.0.2",
      "resolved": "https://registry.npmjs.org/@napi-rs/canvas-linux-riscv64-gnu/-/canvas-linux-riscv64-gnu-1.0.2.tgz",
      "integrity": "sha512-fXRjnPihdnbO6qy1QQOgxAonb68A0TCEG7rj1x7v7rxNElsE8EVIKIEUTvyDtU+sthYSbX+8e7g3oZiLGnOmxw==",
      "cpu": [
        "riscv64"
      ],
      "license": "MIT",
      "optional": true,
      "os": [
        "linux"
      ],
      "engines": {
        "node": ">= 10"
      },
      "funding": {
        "type": "github",
        "url": "https://github.com/sponsors/Brooooooklyn"
      }
    },
    "node_modules/@napi-rs/canvas-linux-x64-gnu": {
      "version": "1.0.2",
      "resolved": "https://registry.npmjs.org/@napi-rs/canvas-linux-x64-gnu/-/canvas-linux-x64-gnu-1.0.2.tgz",
      "integrity": "sha512-nPR97DXhbWIAy7yazF3jc06kEPMqYMLmPzFOVNlwKPfIoSChnI+x7dc0hTLaihz3jxrjL6j4BbA7earxfx4X3g==",
      "cpu": [
        "x64"
      ],
      "license": "MIT",
      "optional": true,
      "os": [
        "linux"
      ],
      "engines": {
        "node": ">= 10"
      },
      "funding": {
        "type": "github",
        "url": "https://github.com/sponsors/Brooooooklyn"
      }
    },
    "node_modules/@napi-rs/canvas-linux-x64-musl": {
      "version": "1.0.2",
      "resolved": "https://registry.npmjs.org/@napi-rs/canvas-linux-x64-musl/-/canvas-linux-x64-musl-1.0.2.tgz",
      "integrity": "sha512-l7zZY5+jL5qnBZtDz7CoBtY6p7EkHu422g/0zWwrOrzIwWyWxZFRfZZORY1UG7YApymPLx+UbOkN206xXn/c1Q==",
      "cpu": [
        "x64"
      ],
      "license": "MIT",
      "optional": true,
      "os": [
        "linux"
      ],
      "engines": {
        "node": ">= 10"
      },
      "funding": {
        "type": "github",
        "url": "https://github.com/sponsors/Brooooooklyn"
      }
    },
    "node_modules/@napi-rs/canvas-win32-arm64-msvc": {
      "version": "1.0.2",
      "resolved": "https://registry.npmjs.org/@napi-rs/canvas-win32-arm64-msvc/-/canvas-win32-arm64-msvc-1.0.2.tgz",
      "integrity": "sha512-yE0koHCFF4PIbMc2o2SEALhnipz7WBISh5glLvQiomtIoCcW0np3H4Lw93ceJAfJttTTeIIWFbwH84F7EVzjMQ==",
      "cpu": [
        "arm64"
      ],
      "license": "MIT",
      "optional": true,
      "os": [
        "win32"
      ],
      "engines": {
        "node": ">= 10"
      },
      "funding": {
        "type": "github",
        "url": "https://github.com/sponsors/Brooooooklyn"
      }
    },
    "node_modules/@napi-rs/canvas-win32-x64-msvc": {
      "version": "1.0.2",
      "resolved": "https://registry.npmjs.org/@napi-rs/canvas-win32-x64-msvc/-/canvas-win32-x64-msvc-1.0.2.tgz",
      "integrity": "sha512-okU8/t2foV6C31n0GtvEMbfD5rOFc70+/6xUNME9Guld29sgSOIGUEDScAWFlcP3k5TYQRl9TNkwJEEjh15w8A==",
      "cpu": [
        "x64"
      ],
      "license": "MIT",
      "optional": true,
      "os": [
        "win32"
      ],
      "engines": {
        "node": ">= 10"
      },
      "funding": {
        "type": "github",
        "url": "https://github.com/sponsors/Brooooooklyn"
      }
    },
    "node_modules/@recogito/pdf-annotator": {
      "version": "4.2.5",
      "resolved": "https://registry.npmjs.org/@recogito/pdf-annotator/-/pdf-annotator-4.2.5.tgz",
      "integrity": "sha512-GNIu+/3cuze+Lzk5/7MaUeUoWwWY1PE//MyaDWmTNa4TEKOuOh3Ht32bN/jCBXhcKsr9No89SwokOFRbv3toSQ==",
      "license": "BSD-3-Clause",
      "dependencies": {
        "@annotorious/core": "^3.8.6",
        "@recogito/text-annotator": "4.2.5",
        "pdfjs-dist": "^6.0.227"
      }
    },
    "node_modules/@recogito/text-annotator": {
      "version": "4.2.5",
      "resolved": "https://registry.npmjs.org/@recogito/text-annotator/-/text-annotator-4.2.5.tgz",
      "integrity": "sha512-fyAtVtPwZ4ZCMY4VELW906v32g9dz7mYGAqR2ljV9ofSkLSihFstn7qQrR+8m5YYNMyi14CcIRxqOO4mq496Vw==",
      "license": "BSD-3-Clause",
      "dependencies": {
        "@annotorious/core": "^3.8.6",
        "colord": "^2.9.3",
        "debounce": "^3.0.0",
        "dequal": "^2.0.3",
        "hotkeys-js": "^4.0.4",
        "nanoevents": "^9.1.0",
        "poll": "^3.2.2",
        "rbush": "^4.0.1",
        "uuid": "^14.0.0"
      }
    },
    "node_modules/@recogito/text-annotator-tei": {
      "version": "4.2.5",
      "resolved": "https://registry.npmjs.org/@recogito/text-annotator-tei/-/text-annotator-tei-4.2.5.tgz",
      "integrity": "sha512-Ibg1zbEEA0hn168NpBgwika2IvHxwcZHBtmyDmyIYqvQdJVl98DPyANPwm34QjeCtcRwRZjdx/0XdVrMbf/ngg==",
      "license": "BSD-3-Clause",
      "peerDependencies": {
        "@annotorious/core": "^3.8.6",
        "@recogito/text-annotator": "4.2.5"
      }
    },
    "node_modules/CETEIcean": {
      "version": "1.9.5",
      "resolved": "https://registry.npmjs.org/CETEIcean/-/CETEIcean-1.9.5.tgz",
      "integrity": "sha512-h7ztuaI+RkOqDeqyCtrpwpopaDz908G6yxqBq2GhR3f9suqJqyByI1rR8WHcYqzMUYfT4xWWumSgQ+XDPa26bA==",
      "license": "BSD-2-Clause"
    },
    "node_modules/colord": {
      "version": "2.9.3",
      "resolved": "https://registry.npmjs.org/colord/-/colord-2.9.3.tgz",
      "integrity": "sha512-jeC1axXpnb0/2nn/Y1LPuLdgXBLH7aDcHu4KEKfqw3CUhX7ZpfBSlPKyqXE6btIgEzfWtrX3/tyBCaCvXvMkOw==",
      "license": "MIT"
    },
    "node_modules/debounce": {
      "version": "3.0.0",
      "resolved": "https://registry.npmjs.org/debounce/-/debounce-3.0.0.tgz",
      "integrity": "sha512-64byRbF0/AirwbuHqB3/ZpMG9/nckDa6ZA0yd6UnaQNwbbemCOwvz2sL5sjXLHhZHADyiwLm0M5qMhltUUx+TA==",
      "license": "MIT",
      "engines": {
        "node": ">=20"
      },
      "funding": {
        "url": "https://github.com/sponsors/sindresorhus"
      }
    },
    "node_modules/dequal": {
      "version": "2.0.3",
      "resolved": "https://registry.npmjs.org/dequal/-/dequal-2.0.3.tgz",
      "integrity": "sha512-0je+qPKHEMohvfRTCEo3CrPG6cAzAYgmzKyxRiYSSDkS6eGJdyVJm7WaYA5ECaAD9wLB2T4EEeymA5aFVcYXCA==",
      "license": "MIT",
      "engines": {
        "node": ">=6"
      }
    },
    "node_modules/events": {
      "version": "3.3.0",
      "resolved": "https://registry.npmjs.org/events/-/events-3.3.0.tgz",
      "integrity": "sha512-mQw+2fkQbALzQ7V0MY0IqdnXNOeTtP4r0lN9z7AAawCXgqea7bDii20AYrIBrFd/Hx0M2Ocz6S111CaFkUcb0Q==",
      "license": "MIT",
      "engines": {
        "node": ">=0.8.x"
      }
    },
    "node_modules/hotkeys-js": {
      "version": "4.0.4",
      "resolved": "https://registry.npmjs.org/hotkeys-js/-/hotkeys-js-4.0.4.tgz",
      "integrity": "sha512-hseNiqaskxSnujuGp8aRMLJfcjaFiTSS0I2GQhqru82N/sx6CGyUf6pvU5X1iycvw2EqmvILkFIb5OzYFXY+9A==",
      "license": "MIT",
      "funding": {
        "url": "https://jaywcjlove.github.io/#/sponsor"
      }
    },
    "node_modules/jose": {
      "version": "6.2.3",
      "resolved": "https://registry.npmjs.org/jose/-/jose-6.2.3.tgz",
      "integrity": "sha512-YYVDInQKFJfR/xa3ojUTl8c2KoTwiL1R5Wg9YCydwH0x0B9grbzlg5HC7mMjCtUJjbQ/YnGEZIhI5tCgfTb4Hw==",
      "license": "MIT",
      "funding": {
        "url": "https://github.com/sponsors/panva"
      }
    },
    "node_modules/jwt-decode": {
      "version": "4.0.0",
      "resolved": "https://registry.npmjs.org/jwt-decode/-/jwt-decode-4.0.0.tgz",
      "integrity": "sha512-+KJGIyHgkGuIq3IEBNftfhW/LfWhXUIY6OmyVWjliu5KH1y0fw7VQ8YndE2O4qZdMSd9SqbnC8GOcZEy0Om7sA==",
      "license": "MIT",
      "engines": {
        "node": ">=18"
      }
    },
    "node_modules/nanoevents": {
      "version": "9.1.0",
      "resolved": "https://registry.npmjs.org/nanoevents/-/nanoevents-9.1.0.tgz",
      "integrity": "sha512-Jd0fILWG44a9luj8v5kED4WI+zfkkgwKyRQKItTtlPfEsh7Lznfi1kr8/iZ+XAIss4Qq5GqRB0qtWbaz9ceO/A==",
      "license": "MIT",
      "engines": {
        "node": "^18.0.0 || >=20.0.0"
      }
    },
    "node_modules/nanoid": {
      "version": "5.1.16",
      "resolved": "https://registry.npmjs.org/nanoid/-/nanoid-5.1.16.tgz",
      "integrity": "sha512-kVrnsrJqMR8+oLJnGEmSWw9BivK5mt7H3FZatVRjrc5wGqFYuBxX1yG7+A7Gi5AefkX6t/oCkizcQgpu0cY1dQ==",
      "funding": [
        {
          "type": "github",
          "url": "https://github.com/sponsors/ai"
        }
      ],
      "license": "MIT",
      "bin": {
        "nanoid": "bin/nanoid.js"
      },
      "engines": {
        "node": "^18 || >=20"
      }
    },
    "node_modules/nanostores": {
      "version": "1.4.0",
      "resolved": "https://registry.npmjs.org/nanostores/-/nanostores-1.4.0.tgz",
      "integrity": "sha512-i0tloweeudshAEuddpDxcg9Ik6pkPfVsHIgKyf143JrgG7/MOh0+q7BypdLXZPoOP7fOYt1eTcwGkyiVmhJFkA==",
      "funding": [
        {
          "type": "github",
          "url": "https://github.com/sponsors/ai"
        }
      ],
      "license": "MIT",
      "engines": {
        "node": "^20.0.0 || >=22.0.0"
      }
    },
    "node_modules/oidc-client-ts": {
      "version": "3.5.0",
      "resolved": "https://registry.npmjs.org/oidc-client-ts/-/oidc-client-ts-3.5.0.tgz",
      "integrity": "sha512-l2q8l9CTCTOlbX+AnK4p3M+4CEpKpyQhle6blQkdFhm0IsBqsxm15bYaSa11G7pWdsYr6epdsRZxJpCyCRbT8A==",
      "license": "Apache-2.0",
      "dependencies": {
        "jwt-decode": "^4.0.0"
      },
      "engines": {
        "node": ">=18"
      }
    },
    "node_modules/pdfjs-dist": {
      "version": "6.1.200",
      "resolved": "https://registry.npmjs.org/pdfjs-dist/-/pdfjs-dist-6.1.200.tgz",
      "integrity": "sha512-o8MolyzirkkLrcdsae/HEOiIcXWI7DS5zGpvqW8xTC2YUsW30rltFw2bDGvw/fskUdEMrQm2br68jzDS5BH2vw==",
      "license": "Apache-2.0",
      "engines": {
        "node": ">=22.13.0 || >=24"
      },
      "optionalDependencies": {
        "@napi-rs/canvas": "^1.0.0"
      }
    },
    "node_modules/poll": {
      "version": "3.2.2",
      "resolved": "https://registry.npmjs.org/poll/-/poll-3.2.2.tgz",
      "integrity": "sha512-qckJRcLqqsX72Uu/Sa/GbzWUXB/zZcyMNccwdGFQnYoewnXUdWyMWkHUmaiBAvm950ujJJ15OiFFy+gtBm1K+A==",
      "license": "MIT"
    },
    "node_modules/quickselect": {
      "version": "3.0.0",
      "resolved": "https://registry.npmjs.org/quickselect/-/quickselect-3.0.0.tgz",
      "integrity": "sha512-XdjUArbK4Bm5fLLvlm5KpTFOiOThgfWWI4axAZDWg4E/0mKdZyI9tNEfds27qCi1ze/vwTR16kvmmGhRra3c2g==",
      "license": "ISC"
    },
    "node_modules/rbush": {
      "version": "4.0.1",
      "resolved": "https://registry.npmjs.org/rbush/-/rbush-4.0.1.tgz",
      "integrity": "sha512-IP0UpfeWQujYC8Jg162rMNc01Rf0gWMMAb2Uxus/Q0qOFw4lCcq6ZnQEZwUoJqWyUGJ9th7JjwI4yIWo+uvoAQ==",
      "license": "MIT",
      "dependencies": {
        "quickselect": "^3.0.0"
      }
    },
    "node_modules/uuid": {
      "version": "14.0.1",
      "resolved": "https://registry.npmjs.org/uuid/-/uuid-14.0.1.tgz",
      "integrity": "sha512-6ZxzVpzDXDa3bJWaHilVayA+BH/1zmxCJoVgvmqJnid/gPoKHxUrS/aC/T6LGQtNHT+XHG9fXPJB4d+IrU30Ew==",
      "funding": [
        "https://github.com/sponsors/broofa",
        "https://github.com/sponsors/ctavan"
      ],
      "license": "MIT",
      "bin": {
        "uuid": "dist-node/bin/uuid"
      }
    }
  }
}
